{
    "_readme": [
        "This file locks the dependencies of your project to a known state",
        "Read more about it at https://getcomposer.org/doc/01-basic-usage.md#composer-lock-the-lock-file",
        "This file is @generated automatically"
    ],
    "hash": "3c34ebdb12bc5301bde3992a9ae91885",
    "content-hash": "33fe886eec8d01d37338f973b802f131",
    "packages": [
        {
            "name": "evenement/evenement",
            "version": "dev-master",
            "source": {
                "type": "git",
                "url": "https://github.com/igorw/evenement.git",
                "reference": "35e87541d4b53c22201519fce3caaa5b38ac8164"
            },
            "dist": {
                "type": "zip",
                "url": "https://api.github.com/repos/igorw/evenement/zipball/35e87541d4b53c22201519fce3caaa5b38ac8164",
                "reference": "35e87541d4b53c22201519fce3caaa5b38ac8164",
                "shasum": ""
            },
            "require": {
                "php": ">=5.4.0"
            },
            "type": "library",
            "extra": {
                "branch-alias": {
                    "dev-master": "2.0-dev"
                }
            },
            "autoload": {
                "psr-0": {
                    "Evenement": "src"
                }
            },
            "notification-url": "https://packagist.org/downloads/",
            "license": [
                "MIT"
            ],
            "authors": [
                {
                    "name": "Igor Wiedler",
                    "email": "igor@wiedler.ch",
                    "homepage": "http://wiedler.ch/igor/"
                }
            ],
            "description": "Événement is a very simple event dispatching library for PHP",
            "keywords": [
                "event-dispatcher",
                "event-emitter"
            ],
            "time": "2014-07-09 21:08:03"
        },
        {
            "name": "guzzle/parser",
            "version": "v3.9.2",
            "target-dir": "Guzzle/Parser",
            "source": {
                "type": "git",
                "url": "https://github.com/Guzzle3/parser.git",
                "reference": "6874d171318a8e93eb6d224cf85e4678490b625c"
            },
            "dist": {
                "type": "zip",
                "url": "https://api.github.com/repos/Guzzle3/parser/zipball/6874d171318a8e93eb6d224cf85e4678490b625c",
                "reference": "6874d171318a8e93eb6d224cf85e4678490b625c",
                "shasum": ""
            },
            "require": {
                "php": ">=5.3.2"
            },
            "type": "library",
            "extra": {
                "branch-alias": {
                    "dev-master": "3.7-dev"
                }
            },
            "autoload": {
                "psr-0": {
                    "Guzzle\\Parser": ""
                }
            },
            "notification-url": "https://packagist.org/downloads/",
            "license": [
                "MIT"
            ],
            "description": "Interchangeable parsers used by Guzzle",
            "homepage": "http://guzzlephp.org/",
            "keywords": [
                "URI Template",
                "cookie",
                "http",
                "message",
                "url"
            ],
            "abandoned": "guzzle/guzzle",
            "time": "2014-02-05 18:29:46"
        },
        {
            "name": "react/promise",
            "version": "v2.2.1",
            "source": {
                "type": "git",
                "url": "https://github.com/reactphp/promise.git",
                "reference": "3b6fca09c7d56321057fa8867c8dbe1abf648627"
            },
            "dist": {
                "type": "zip",
                "url": "https://api.github.com/repos/reactphp/promise/zipball/3b6fca09c7d56321057fa8867c8dbe1abf648627",
                "reference": "3b6fca09c7d56321057fa8867c8dbe1abf648627",
                "shasum": ""
            },
            "require": {
                "php": ">=5.4.0"
            },
            "type": "library",
            "extra": {
                "branch-alias": {
                    "dev-master": "2.0-dev"
                }
            },
            "autoload": {
                "psr-4": {
                    "React\\Promise\\": "src/"
                },
                "files": [
                    "src/functions_include.php"
                ]
            },
            "notification-url": "https://packagist.org/downloads/",
            "license": [
                "MIT"
            ],
            "authors": [
                {
                    "name": "Jan Sorgalla",
                    "email": "jsorgalla@gmail.com"
                }
            ],
            "description": "A lightweight implementation of CommonJS Promises/A for PHP",
            "time": "2015-07-03 13:48:55"
        },
        {
            "name": "react/react",
            "version": "0.4.x-dev",
            "source": {
                "type": "git",
                "url": "https://github.com/reactphp/react.git",
                "reference": "d56acf1ad5046ec4c054e4074481d67fe4007c7b"
            },
            "dist": {
                "type": "zip",
                "url": "https://api.github.com/repos/reactphp/react/zipball/d56acf1ad5046ec4c054e4074481d67fe4007c7b",
                "reference": "d56acf1ad5046ec4c054e4074481d67fe4007c7b",
                "shasum": ""
            },
            "require": {
                "evenement/evenement": "~2.0",
                "guzzle/parser": "~3.0",
                "php": ">=5.4.0",
                "react/promise": "~2.0"
            },
            "replace": {
                "react/cache": "self.version",
                "react/dns": "self.version",
                "react/event-loop": "self.version",
                "react/http": "self.version",
                "react/http-client": "self.version",
                "react/socket": "self.version",
                "react/socket-client": "self.version",
                "react/stream": "self.version"
            },
            "require-dev": {
                "phpunit/phpunit": "3.7.*"
            },
            "suggest": {
                "ext-event": "Allows for use of a more performant event-loop implementation.",
                "ext-libev": "Allows for use of a more performant event-loop implementation.",
                "ext-libevent": "Allows for use of a more performant event-loop implementation."
            },
            "type": "library",
            "extra": {
                "branch-alias": {
                    "dev-master": "0.5-dev"
                }
            },
            "autoload": {
                "psr-4": {
                    "React\\": "src"
                }
            },
            "notification-url": "https://packagist.org/downloads/",
            "license": [
                "MIT"
            ],
            "description": "Nuclear Reactor written in PHP.",
            "keywords": [
                "event-loop",
                "reactor"
            ],
            "time": "2014-05-19 15:24:27"
        }
    ],
    "packages-dev": [
        {
            "name": "atoum/atoum",
            "version": "dev-master",
            "source": {
                "type": "git",
                "url": "https://github.com/atoum/atoum.git",
                "reference": "ebbd9d353de6d7e0aa5eb891a2fce0d6b157a164"
            },
            "dist": {
                "type": "zip",
                "url": "https://api.github.com/repos/atoum/atoum/zipball/ebbd9d353de6d7e0aa5eb891a2fce0d6b157a164",
                "reference": "ebbd9d353de6d7e0aa5eb891a2fce0d6b157a164",
                "shasum": ""
            },
            "require": {
                "ext-hash": "*",
                "ext-json": "*",
                "ext-session": "*",
                "ext-tokenizer": "*",
                "ext-xml": "*",
                "php": ">=5.3.3"
            },
            "replace": {
                "mageekguy/atoum": "*"
            },
            "suggest": {
                "atoum/stubs": "Provides IDE support (like autocompletion) for atoum",
                "ext-mbstring": "Provides support for UTF-8 strings"
            },
            "bin": [
                "bin/atoum"
            ],
            "type": "library",
            "extra": {
                "branch-alias": {
                    "dev-master": "2.x-dev"
                }
            },
            "autoload": {
                "classmap": [
                    "classes/"
                ]
            },
            "notification-url": "https://packagist.org/downloads/",
            "license": [
                "BSD"
            ],
            "authors": [
                {
                    "name": "Frédéric Hardy",
                    "email": "frederic.hardy@atoum.org",
                    "homepage": "http://blog.mageekbox.net"
                },
                {
                    "name": "François Dussert",
                    "email": "francois.dussert@atoum.org"
                },
                {
                    "name": "Gérald Croes",
                    "email": "gerald.croes@atoum.org"
                },
                {
                    "name": "Julien Bianchi",
                    "email": "julien.bianchi@atoum.org"
                },
                {
                    "name": "Ludovic Fleury",
                    "email": "ludovic.fleury@atoum.org"
                }
            ],
            "description": "Simple modern and intuitive unit testing framework for PHP 5.3+",
            "homepage": "http://www.atoum.org",
            "keywords": [
                "TDD",
                "atoum",
                "test",
                "unit testing"
            ],
            "time": "2016-01-17 15:24:15"
        },
        {
            "name": "pdepend/pdepend",
            "version": "2.2.2",
            "source": {
                "type": "git",
                "url": "https://github.com/pdepend/pdepend.git",
                "reference": "d3ae0d084d526cdc6c3f1b858fb7148de77b41c5"
            },
            "dist": {
                "type": "zip",
                "url": "https://api.github.com/repos/pdepend/pdepend/zipball/d3ae0d084d526cdc6c3f1b858fb7148de77b41c5",
                "reference": "d3ae0d084d526cdc6c3f1b858fb7148de77b41c5",
                "shasum": ""
            },
            "require": {
                "php": ">=5.3.7",
                "symfony/config": "^2.3.0",
                "symfony/dependency-injection": "^2.3.0",
                "symfony/filesystem": "^2.3.0"
            },
            "require-dev": {
                "phpunit/phpunit": "^4.0.0,<4.8",
                "squizlabs/php_codesniffer": "^2.0.0"
            },
            "bin": [
                "src/bin/pdepend"
            ],
            "type": "library",
            "autoload": {
                "psr-0": {
                    "PDepend\\": "src/main/php/"
                }
            },
            "notification-url": "https://packagist.org/downloads/",
            "license": [
                "BSD-3-Clause"
            ],
            "description": "Official version of pdepend to be handled with Composer",
            "time": "2015-10-16 08:49:58"
        },
        {
            "name": "phpmd/phpmd",
            "version": "2.3.2",
            "source": {
                "type": "git",
                "url": "https://github.com/phpmd/phpmd.git",
                "reference": "08b5bcd454a7148579b68931fc500d824afd3bb5"
            },
            "dist": {
                "type": "zip",
                "url": "https://api.github.com/repos/phpmd/phpmd/zipball/08b5bcd454a7148579b68931fc500d824afd3bb5",
                "reference": "08b5bcd454a7148579b68931fc500d824afd3bb5",
                "shasum": ""
            },
            "require": {
                "pdepend/pdepend": "~2.0",
                "php": ">=5.3.0"
            },
            "require-dev": {
                "phpunit/phpunit": "^4.0",
                "squizlabs/php_codesniffer": "^2.0"
            },
            "bin": [
                "src/bin/phpmd"
            ],
            "type": "project",
            "autoload": {
                "psr-0": {
                    "PHPMD\\": "src/main/php"
                }
            },
            "notification-url": "https://packagist.org/downloads/",
            "license": [
                "BSD-3-Clause"
            ],
            "authors": [
                {
                    "name": "Manuel Pichler",
                    "email": "github@manuel-pichler.de",
                    "homepage": "https://github.com/manuelpichler",
                    "role": "Project Founder"
                },
                {
                    "name": "Other contributors",
                    "homepage": "https://github.com/phpmd/phpmd/graphs/contributors",
                    "role": "Contributors"
                },
                {
                    "name": "Marc Würth",
                    "email": "ravage@bluewin.ch",
                    "homepage": "https://github.com/ravage84",
                    "role": "Project Maintainer"
                }
            ],
            "description": "PHPMD is a spin-off project of PHP Depend and aims to be a PHP equivalent of the well known Java tool PMD.",
            "homepage": "http://phpmd.org/",
            "keywords": [
                "mess detection",
                "mess detector",
                "pdepend",
                "phpmd",
                "pmd"
            ],
            "time": "2015-09-24 14:37:49"
        },
        {
            "name": "symfony/config",
            "version": "2.8.x-dev",
            "source": {
                "type": "git",
                "url": "https://github.com/symfony/config.git",
                "reference": "41ee6c70758f40fa1dbf90d019ae0a66c4a09e74"
            },
            "dist": {
                "type": "zip",
                "url": "https://api.github.com/repos/symfony/config/zipball/41ee6c70758f40fa1dbf90d019ae0a66c4a09e74",
                "reference": "41ee6c70758f40fa1dbf90d019ae0a66c4a09e74",
                "shasum": ""
            },
            "require": {
                "php": ">=5.3.9",
                "symfony/filesystem": "~2.3|~3.0.0"
            },
            "type": "library",
            "extra": {
                "branch-alias": {
                    "dev-master": "2.8-dev"
                }
            },
            "autoload": {
                "psr-4": {
                    "Symfony\\Component\\Config\\": ""
                },
                "exclude-from-classmap": [
                    "/Tests/"
                ]
            },
            "notification-url": "https://packagist.org/downloads/",
            "license": [
                "MIT"
            ],
            "authors": [
                {
                    "name": "Fabien Potencier",
                    "email": "fabien@symfony.com"
                },
                {
                    "name": "Symfony Community",
                    "homepage": "https://symfony.com/contributors"
                }
            ],
            "description": "Symfony Config Component",
            "homepage": "https://symfony.com",
            "time": "2016-01-03 15:33:41"
        },
        {
            "name": "symfony/dependency-injection",
            "version": "2.8.x-dev",
            "source": {
                "type": "git",
                "url": "https://github.com/symfony/dependency-injection.git",
                "reference": "ba94a914e244e0d05f0aaef460d5558d5541d2b1"
            },
            "dist": {
                "type": "zip",
                "url": "https://api.github.com/repos/symfony/dependency-injection/zipball/ba94a914e244e0d05f0aaef460d5558d5541d2b1",
                "reference": "ba94a914e244e0d05f0aaef460d5558d5541d2b1",
                "shasum": ""
            },
            "require": {
                "php": ">=5.3.9"
            },
            "conflict": {
                "symfony/expression-language": "<2.6"
            },
            "require-dev": {
                "symfony/config": "~2.2|~3.0.0",
                "symfony/expression-language": "~2.6|~3.0.0",
                "symfony/yaml": "~2.1|~3.0.0"
            },
            "suggest": {
                "symfony/config": "",
                "symfony/proxy-manager-bridge": "Generate service proxies to lazy load them",
                "symfony/yaml": ""
            },
            "type": "library",
            "extra": {
                "branch-alias": {
                    "dev-master": "2.8-dev"
                }
            },
            "autoload": {
                "psr-4": {
                    "Symfony\\Component\\DependencyInjection\\": ""
                },
                "exclude-from-classmap": [
                    "/Tests/"
                ]
            },
            "notification-url": "https://packagist.org/downloads/",
            "license": [
                "MIT"
            ],
            "authors": [
                {
                    "name": "Fabien Potencier",
                    "email": "fabien@symfony.com"
                },
                {
                    "name": "Symfony Community",
                    "homepage": "https://symfony.com/contributors"
                }
            ],
            "description": "Symfony DependencyInjection Component",
            "homepage": "https://symfony.com",
            "time": "2016-01-12 17:46:01"
        },
        {
            "name": "symfony/filesystem",
            "version": "2.8.x-dev",
            "source": {
                "type": "git",
                "url": "https://github.com/symfony/filesystem.git",
                "reference": "637b64d0ee10f44ae98dbad651b1ecdf35a11e8c"
            },
            "dist": {
                "type": "zip",
                "url": "https://api.github.com/repos/symfony/filesystem/zipball/637b64d0ee10f44ae98dbad651b1ecdf35a11e8c",
                "reference": "637b64d0ee10f44ae98dbad651b1ecdf35a11e8c",
                "shasum": ""
            },
            "require": {
                "php": ">=5.3.9"
            },
            "type": "library",
            "extra": {
                "branch-alias": {
                    "dev-master": "2.8-dev"
                }
            },
            "autoload": {
                "psr-4": {
                    "Symfony\\Component\\Filesystem\\": ""
                },
                "exclude-from-classmap": [
                    "/Tests/"
                ]
            },
            "notification-url": "https://packagist.org/downloads/",
            "license": [
                "MIT"
            ],
            "authors": [
                {
                    "name": "Fabien Potencier",
                    "email": "fabien@symfony.com"
                },
                {
                    "name": "Symfony Community",
                    "homepage": "https://symfony.com/contributors"
                }
            ],
            "description": "Symfony Filesystem Component",
            "homepage": "https://symfony.com",
            "time": "2016-01-13 10:28:07"
        }
    ],
    "aliases": [],
    "minimum-stability": "dev",
    "stability-flags": {
        "phpmd/phpmd": 0
    },
    "prefer-stable": false,
    "prefer-lowest": false,
    "platform": [],
    "platform-dev": []
}
